
Microsoft Visual Studio Solution File, Format Version 12.00
# Visual Studio Version 16
VisualStudioVersion = 16.0.32510.428
MinimumVisualStudioVersion = 10.0.40219.1
Project("{FAE04EC0-301F-11D3-BF4B-00C04F79EFBC}") = "FirstProject", "FirstProject\FirstProject.csproj", "{A12CCC7C-2988-467D-AAF2-BE1AA10BC338}"
EndProject
Project("{FAE04EC0-301F-11D3-BF4B-00C04F79EFBC}") = "Lab04", "Lab04\Lab04.csproj", "{E988265C-1830-409B-ACF6-F49FC0E0FB60}"
EndProject
Project("{FAE04EC0-301F-11D3-BF4B-00C04F79EFBC}") = "lab05", "lab05\lab05.csproj", "{29E582BC-6038-47C7-8074-005544033355}"
EndProject
Global
	GlobalSection(SolutionConfigurationPlatforms) = preSolution
		Debug|Any CPU = Debug|Any CPU
		Release|Any CPU = Release|Any CPU
	EndGlobalSection
	GlobalSection(ProjectConfigurationPlatforms) = postSolution
		{A12CCC7C-2988-467D-AAF2-BE1AA10BC338}.Debug|Any CPU.ActiveCfg = Debug|Any CPU
		{A12CCC7C-2988-467D-AAF2-BE1AA10BC338}.Debug|Any CPU.Build.0 = Debug|Any CPU
		{A12CCC7C-2988-467D-AAF2-BE1AA10BC338}.Release|Any CPU.ActiveCfg = Release|Any CPU
		{A12CCC7C-2988-467D-AAF2-BE1AA10BC338}.Release|Any CPU.Build.0 = Release|Any CPU
		{E988265C-1830-409B-ACF6-F49FC0E0FB60}.Debug|Any CPU.ActiveCfg = Debug|Any CPU
		{E988265C-1830-409B-ACF6-F49FC0E0FB60}.Debug|Any CPU.Build.0 = Debug|Any CPU
		{E988265C-1830-409B-ACF6-F49FC0E0FB60}.Release|Any CPU.ActiveCfg = Release|Any CPU
		{E988265C-1830-409B-ACF6-F49FC0E0FB60}.Release|Any CPU.Build.0 = Release|Any CPU
		{29E582BC-6038-47C7-8074-005544033355}.Debug|Any CPU.ActiveCfg = Debug|Any CPU
		{29E582BC-6038-47C7-8074-005544033355}.Debug|Any CPU.Build.0 = Debug|Any CPU
		{29E582BC-6038-47C7-8074-005544033355}.Release|Any CPU.ActiveCfg = Release|Any CPU
		{29E582BC-6038-47C7-8074-005544033355}.Release|Any CPU.Build.0 = Release|Any CPU
	EndGlobalSection
	GlobalSection(SolutionProperties) = preSolution
		HideSolutionNode = FALSE
	EndGlobalSection
	GlobalSection(ExtensibilityGlobals) = postSolution
		SolutionGuid = {5A3342AC-BDD5-417E-A1A8-30AB055A1E3D}
	EndGlobalSection
EndGlobal
